{
  "name": "sketch-viewer",
  "version": "0.1.0",
  "lockfileVersion": 1,
  "requires": true,
  "dependencies": {
    "accepts": {
      "version": "https://registry.npmjs.org/accepts/-/accepts-1.3.5.tgz",
      "integrity": "sha1-63d99gEXI6OxTopywIBcjoZ0a9I=",
      "requires": {
        "mime-types": "https://registry.npm.taobao.org/mime-types/download/mime-types-2.1.18.tgz",
        "negotiator": "https://registry.npmjs.org/negotiator/-/negotiator-0.6.1.tgz"
      }
    },
    "any-promise": {
      "version": "https://registry.npmjs.org/any-promise/-/any-promise-1.3.0.tgz",
      "integrity": "sha1-q8av7tzqUugJzcA3au0845Y10X8="
    },
    "async": {
      "version": "https://registry.npmjs.org/async/-/async-2.1.4.tgz",
      "integrity": "sha1-LSFgx3iAMuTdbL4lAvH5osj2zeQ=",
      "requires": {
        "lodash": "https://registry.npm.taobao.org/lodash/download/lodash-4.17.5.tgz"
      }
    },
    "bluebird": {
      "version": "https://registry.npmjs.org/bluebird/-/bluebird-3.5.0.tgz",
      "integrity": "sha1-eRQg1/VR7qKJdFOop3ZT+WYG1nw="
    },
    "bson": {
      "version": "https://registry.npm.taobao.org/bson/download/bson-1.0.6.tgz",
      "integrity": "sha1-RE21nd1MJPDLBjqr3FyMewzsqRI="
    },
    "bytes": {
      "version": "3.0.0",
      "resolved": "http://registry.npm.taobao.org/bytes/download/bytes-3.0.0.tgz",
      "integrity": "sha1-0ygVQE1olpn4Wk6k+odV3ROpYEg="
    },
    "co": {
      "version": "https://registry.npmjs.org/co/-/co-4.6.0.tgz",
      "integrity": "sha1-bqa989hTrlTMuOR7+gvz+QMfsYQ="
    },
    "co-body": {
      "version": "5.1.1",
      "resolved": "http://registry.npm.taobao.org/co-body/download/co-body-5.1.1.tgz",
      "integrity": "sha1-2XeB0eM0S6SoIP0YBr3fg0FQUjY=",
      "requires": {
        "inflation": "2.0.0",
        "qs": "6.5.1",
        "raw-body": "2.3.2",
        "type-is": "https://registry.npm.taobao.org/type-is/download/type-is-1.6.16.tgz"
      }
    },
    "config": {
      "version": "https://registry.npm.taobao.org/config/download/config-1.30.0.tgz",
      "integrity": "sha1-HWCp81NIoTwXV5jThOgaWhbDum4=",
      "requires": {
        "json5": "https://registry.npmjs.org/json5/-/json5-0.4.0.tgz",
        "os-homedir": "https://registry.npmjs.org/os-homedir/-/os-homedir-1.0.2.tgz"
      }
    },
    "content-disposition": {
      "version": "https://registry.npmjs.org/content-disposition/-/content-disposition-0.5.2.tgz",
      "integrity": "sha1-DPaLud318r55YcOoUXjLhdunjLQ="
    },
    "content-type": {
      "version": "https://registry.npmjs.org/content-type/-/content-type-1.0.4.tgz",
      "integrity": "sha1-4TjMdeBAxyexlm/l5fjJruJW/js="
    },
    "cookies": {
      "version": "https://registry.npmjs.org/cookies/-/cookies-0.7.1.tgz",
      "integrity": "sha1-fIphX1SBxhq58WyDNzG8uPZjuZs=",
      "requires": {
        "depd": "https://registry.npm.taobao.org/depd/download/depd-1.1.2.tgz",
        "keygrip": "https://registry.npmjs.org/keygrip/-/keygrip-1.0.2.tgz"
      }
    },
    "debug": {
      "version": "https://registry.npm.taobao.org/debug/download/debug-3.1.0.tgz",
      "integrity": "sha1-W7WgZyYotkFJVmuhaBnmFRjGcmE=",
      "requires": {
        "ms": "https://registry.npmjs.org/ms/-/ms-2.0.0.tgz"
      }
    },
    "deep-equal": {
      "version": "https://registry.npmjs.org/deep-equal/-/deep-equal-1.0.1.tgz",
      "integrity": "sha1-9dJgKStmDghO/0zbyfCK0yR0SLU="
    },
    "delegates": {
      "version": "https://registry.npmjs.org/delegates/-/delegates-1.0.0.tgz",
      "integrity": "sha1-hMbhWbgZBP3KWaDvRM2HDTElD5o="
    },
    "depd": {
      "version": "https://registry.npm.taobao.org/depd/download/depd-1.1.2.tgz",
      "integrity": "sha1-m81S4UwJd2PnSbJ0xDRu0uVgtak="
    },
    "destroy": {
      "version": "https://registry.npmjs.org/destroy/-/destroy-1.0.4.tgz",
      "integrity": "sha1-l4hXRCxEdJ5CBmE+N5RiBYJqvYA="
    },
    "ee-first": {
      "version": "https://registry.npmjs.org/ee-first/-/ee-first-1.1.1.tgz",
      "integrity": "sha1-WQxhFWsK4vTwJVcyoViyZrxWsh0="
    },
    "error-inject": {
      "version": "https://registry.npm.taobao.org/error-inject/download/error-inject-1.0.0.tgz",
      "integrity": "sha1-4rPZG1Su1nLzCdlQ0VSFD6EdTzc="
    },
    "escape-html": {
      "version": "https://registry.npmjs.org/escape-html/-/escape-html-1.0.3.tgz",
      "integrity": "sha1-Aljq5NPQwJdN4cFpGI7wBR0dGYg="
    },
    "formidable": {
      "version": "1.2.0",
      "resolved": "http://registry.npm.taobao.org/formidable/download/formidable-1.2.0.tgz",
      "integrity": "sha1-zikb/sZ8F24oL4keziw33gyDroQ="
    },
    "fresh": {
      "version": "https://registry.npmjs.org/fresh/-/fresh-0.5.2.tgz",
      "integrity": "sha1-PYyt2Q2XZWn6g1qx+OSyOhBWBac="
    },
    "http-assert": {
      "version": "https://registry.npm.taobao.org/http-assert/download/http-assert-1.3.0.tgz",
      "integrity": "sha1-oxpc+IyHPsu1eWkH1NbxMujAHko=",
      "requires": {
        "deep-equal": "https://registry.npmjs.org/deep-equal/-/deep-equal-1.0.1.tgz",
        "http-errors": "https://registry.npmjs.org/http-errors/-/http-errors-1.6.2.tgz"
      }
    },
    "http-errors": {
      "version": "https://registry.npmjs.org/http-errors/-/http-errors-1.6.2.tgz",
      "integrity": "sha1-CgAsyFcHGSp+eUbO7cERVfYOxzY=",
      "requires": {
        "depd": "https://registry.npmjs.org/depd/-/depd-1.1.1.tgz",
        "inherits": "https://registry.npmjs.org/inherits/-/inherits-2.0.3.tgz",
        "setprototypeof": "https://registry.npmjs.org/setprototypeof/-/setprototypeof-1.0.3.tgz",
        "statuses": "https://registry.npm.taobao.org/statuses/download/statuses-1.4.0.tgz"
      },
      "dependencies": {
        "depd": {
          "version": "https://registry.npmjs.org/depd/-/depd-1.1.1.tgz",
          "integrity": "sha1-V4O04cRZ8G+lyif5kfPQbnoxA1k="
        }
      }
    },
    "iconv-lite": {
      "version": "0.4.19",
      "resolved": "http://registry.npm.taobao.org/iconv-lite/download/iconv-lite-0.4.19.tgz",
      "integrity": "sha1-90aPYBNfXl2tM5nAqBvpoWA6CCs="
    },
    "inflation": {
      "version": "2.0.0",
      "resolved": "http://registry.npm.taobao.org/inflation/download/inflation-2.0.0.tgz",
      "integrity": "sha1-i0F+R8KPklpFEz2RTKH9OJEH8w8="
    },
    "inherits": {
      "version": "https://registry.npmjs.org/inherits/-/inherits-2.0.3.tgz",
      "integrity": "sha1-Yzwsg+PaQqUC9SRmAiSA9CCCYd4="
    },
    "is-generator-function": {
      "version": "http://r.cnpmjs.org/is-generator-function/download/is-generator-function-1.0.7.tgz",
      "integrity": "sha1-0hMuUpuwAAp/gHlNS99c1eWBNSI="
    },
    "isarray": {
      "version": "https://registry.npmjs.org/isarray/-/isarray-0.0.1.tgz",
      "integrity": "sha1-ihis/Kmo9Bd+Cav8YDiTmwXR7t8="
    },
    "json5": {
      "version": "https://registry.npmjs.org/json5/-/json5-0.4.0.tgz",
      "integrity": "sha1-BUNS5MTIDIbAkjh31EneF2pzLI0="
    },
    "kareem": {
      "version": "https://registry.npm.taobao.org/kareem/download/kareem-2.0.5.tgz",
      "integrity": "sha1-Q34eQPG+ME7iGz5HkOs6BUGLNco="
    },
    "keygrip": {
      "version": "https://registry.npmjs.org/keygrip/-/keygrip-1.0.2.tgz",
      "integrity": "sha1-rTKXxVcGneqLz+ek+kkbdcXd65E="
    },
    "koa": {
      "version": "https://registry.npm.taobao.org/koa/download/koa-2.5.0.tgz",
      "integrity": "sha1-sPvh4ZXkOydYigT9C+DdrsosFUw=",
      "requires": {
        "accepts": "https://registry.npmjs.org/accepts/-/accepts-1.3.5.tgz",
        "content-disposition": "https://registry.npmjs.org/content-disposition/-/content-disposition-0.5.2.tgz",
        "content-type": "https://registry.npmjs.org/content-type/-/content-type-1.0.4.tgz",
        "cookies": "https://registry.npmjs.org/cookies/-/cookies-0.7.1.tgz",
        "debug": "https://registry.npm.taobao.org/debug/download/debug-3.1.0.tgz",
        "delegates": "https://registry.npmjs.org/delegates/-/delegates-1.0.0.tgz",
        "depd": "https://registry.npm.taobao.org/depd/download/depd-1.1.2.tgz",
        "destroy": "https://registry.npmjs.org/destroy/-/destroy-1.0.4.tgz",
        "error-inject": "https://registry.npm.taobao.org/error-inject/download/error-inject-1.0.0.tgz",
        "escape-html": "https://registry.npmjs.org/escape-html/-/escape-html-1.0.3.tgz",
        "fresh": "https://registry.npmjs.org/fresh/-/fresh-0.5.2.tgz",
        "http-assert": "https://registry.npm.taobao.org/http-assert/download/http-assert-1.3.0.tgz",
        "http-errors": "https://registry.npmjs.org/http-errors/-/http-errors-1.6.2.tgz",
        "is-generator-function": "http://r.cnpmjs.org/is-generator-function/download/is-generator-function-1.0.7.tgz",
        "koa-compose": "https://registry.npm.taobao.org/koa-compose/download/koa-compose-4.0.0.tgz",
        "koa-convert": "https://registry.npm.taobao.org/koa-convert/download/koa-convert-1.2.0.tgz",
        "koa-is-json": "https://registry.npm.taobao.org/koa-is-json/download/koa-is-json-1.0.0.tgz",
        "mime-types": "https://registry.npm.taobao.org/mime-types/download/mime-types-2.1.18.tgz",
        "on-finished": "https://registry.npmjs.org/on-finished/-/on-finished-2.3.0.tgz",
        "only": "https://registry.npm.taobao.org/only/download/only-0.0.2.tgz",
        "parseurl": "https://registry.npmjs.org/parseurl/-/parseurl-1.3.2.tgz",
        "statuses": "https://registry.npm.taobao.org/statuses/download/statuses-1.4.0.tgz",
        "type-is": "https://registry.npm.taobao.org/type-is/download/type-is-1.6.16.tgz",
        "vary": "https://registry.npmjs.org/vary/-/vary-1.1.2.tgz"
      }
    },
    "koa-body": {
      "version": "2.5.0",
      "resolved": "http://registry.npm.taobao.org/koa-body/download/koa-body-2.5.0.tgz",
      "integrity": "sha1-hOj82NUimozBy5ipJuk5Bp5xaRU=",
      "requires": {
        "co-body": "5.1.1",
        "formidable": "1.2.0"
      }
    },
    "koa-compose": {
      "version": "https://registry.npm.taobao.org/koa-compose/download/koa-compose-4.0.0.tgz",
      "integrity": "sha1-KAClE9nDYe8NY4UrA45Pby1adzw="
    },
    "koa-convert": {
      "version": "https://registry.npm.taobao.org/koa-convert/download/koa-convert-1.2.0.tgz",
      "integrity": "sha1-2kCHXfSd4FOQmNFwC1CCDOvNIdA=",
      "requires": {
        "co": "https://registry.npmjs.org/co/-/co-4.6.0.tgz",
        "koa-compose": "https://registry.npm.taobao.org/koa-compose/download/koa-compose-3.2.1.tgz"
      },
      "dependencies": {
        "koa-compose": {
          "version": "https://registry.npm.taobao.org/koa-compose/download/koa-compose-3.2.1.tgz",
          "integrity": "sha1-qFzLQLfZhtjlo0Wzoazo6rz1Tec=",
          "requires": {
            "any-promise": "https://registry.npmjs.org/any-promise/-/any-promise-1.3.0.tgz"
          }
        }
      }
    },
    "koa-is-json": {
      "version": "https://registry.npm.taobao.org/koa-is-json/download/koa-is-json-1.0.0.tgz",
      "integrity": "sha1-JzwH7c3Ljfaiwat9We52SRRR7BQ="
    },
    "koa-router": {
      "version": "https://registry.npm.taobao.org/koa-router/download/koa-router-7.4.0.tgz",
      "integrity": "sha1-ruH3rcAtXLMdfWdGXJ6syCXoxeA=",
      "requires": {
        "debug": "https://registry.npm.taobao.org/debug/download/debug-3.1.0.tgz",
        "http-errors": "https://registry.npmjs.org/http-errors/-/http-errors-1.6.2.tgz",
        "koa-compose": "https://registry.npm.taobao.org/koa-compose/download/koa-compose-3.2.1.tgz",
        "methods": "https://registry.npmjs.org/methods/-/methods-1.1.2.tgz",
        "path-to-regexp": "https://registry.npmjs.org/path-to-regexp/-/path-to-regexp-1.7.0.tgz",
        "urijs": "https://registry.npm.taobao.org/urijs/download/urijs-1.19.1.tgz"
      },
      "dependencies": {
        "koa-compose": {
          "version": "https://registry.npm.taobao.org/koa-compose/download/koa-compose-3.2.1.tgz",
          "integrity": "sha1-qFzLQLfZhtjlo0Wzoazo6rz1Tec=",
          "requires": {
            "any-promise": "https://registry.npmjs.org/any-promise/-/any-promise-1.3.0.tgz"
          }
        }
      }
    },
    "lodash": {
      "version": "https://registry.npm.taobao.org/lodash/download/lodash-4.17.5.tgz",
      "integrity": "sha1-maktZcAnLevoyWtgV7yPv6O+1RE="
    },
    "lodash.get": {
      "version": "https://registry.npmjs.org/lodash.get/-/lodash.get-4.4.2.tgz",
      "integrity": "sha1-LRd/ZS+jHpObRDjVNBSZ36OCXpk="
    },
    "media-typer": {
      "version": "https://registry.npmjs.org/media-typer/-/media-typer-0.3.0.tgz",
      "integrity": "sha1-hxDXrwqmJvj/+hzgAWhUUmMlV0g="
    },
    "methods": {
      "version": "https://registry.npmjs.org/methods/-/methods-1.1.2.tgz",
      "integrity": "sha1-VSmk1nZUE07cxSZmVoNbD4Ua/O4="
    },
    "mime-db": {
      "version": "https://registry.npm.taobao.org/mime-db/download/mime-db-1.33.0.tgz",
      "integrity": "sha1-o0kgUKXLm2NFBUHjnZeI0icng9s="
    },
    "mime-types": {
      "version": "https://registry.npm.taobao.org/mime-types/download/mime-types-2.1.18.tgz",
      "integrity": "sha1-bzI/YKg9ERRvgx/xH9ZuL+VQO7g=",
      "requires": {
        "mime-db": "https://registry.npm.taobao.org/mime-db/download/mime-db-1.33.0.tgz"
      }
    },
    "mongodb": {
      "version": "https://registry.npm.taobao.org/mongodb/download/mongodb-3.0.4.tgz",
      "integrity": "sha1-7gwPe8Vl7cX0DuLSMXDlIqitIoY=",
      "requires": {
        "mongodb-core": "https://registry.npm.taobao.org/mongodb-core/download/mongodb-core-3.0.4.tgz"
      }
    },
    "mongodb-core": {
      "version": "https://registry.npm.taobao.org/mongodb-core/download/mongodb-core-3.0.4.tgz",
      "integrity": "sha1-o/30ZuaXovHfh+RY5eLfHCbMZUs=",
      "requires": {
        "bson": "https://registry.npm.taobao.org/bson/download/bson-1.0.6.tgz",
        "require_optional": "https://registry.npmjs.org/require_optional/-/require_optional-1.0.1.tgz"
      }
    },
    "mongoose": {
      "version": "https://registry.npm.taobao.org/mongoose/download/mongoose-5.0.10.tgz",
      "integrity": "sha1-WUW0rME3scas9UbWTaEHC8TEllo=",
      "requires": {
        "async": "https://registry.npmjs.org/async/-/async-2.1.4.tgz",
        "bson": "https://registry.npm.taobao.org/bson/download/bson-1.0.6.tgz",
        "kareem": "https://registry.npm.taobao.org/kareem/download/kareem-2.0.5.tgz",
        "lodash.get": "https://registry.npmjs.org/lodash.get/-/lodash.get-4.4.2.tgz",
        "mongodb": "https://registry.npm.taobao.org/mongodb/download/mongodb-3.0.4.tgz",
        "mongoose-legacy-pluralize": "https://registry.npm.taobao.org/mongoose-legacy-pluralize/download/mongoose-legacy-pluralize-1.0.2.tgz",
        "mpath": "https://registry.npm.taobao.org/mpath/download/mpath-0.3.0.tgz",
        "mquery": "https://registry.npm.taobao.org/mquery/download/mquery-3.0.0.tgz",
        "ms": "https://registry.npmjs.org/ms/-/ms-2.0.0.tgz",
        "regexp-clone": "https://registry.npmjs.org/regexp-clone/-/regexp-clone-0.0.1.tgz",
        "sliced": "https://registry.npmjs.org/sliced/-/sliced-1.0.1.tgz"
      }
    },
    "mongoose-legacy-pluralize": {
      "version": "https://registry.npm.taobao.org/mongoose-legacy-pluralize/download/mongoose-legacy-pluralize-1.0.2.tgz",
      "integrity": "sha1-O6n5H6UHtRhtOZ+0CFS/8Y+1Y+Q="
    },
    "mpath": {
      "version": "https://registry.npm.taobao.org/mpath/download/mpath-0.3.0.tgz",
      "integrity": "sha1-elj3iem1/TyUUgY0FXlg8mvV70Q="
    },
    "mquery": {
      "version": "https://registry.npm.taobao.org/mquery/download/mquery-3.0.0.tgz",
      "integrity": "sha1-5fOH26vAubaYWeVQ6BD6q+DOq7A=",
      "requires": {
        "bluebird": "https://registry.npmjs.org/bluebird/-/bluebird-3.5.0.tgz",
        "debug": "https://registry.npmjs.org/debug/-/debug-2.6.9.tgz",
        "regexp-clone": "https://registry.npmjs.org/regexp-clone/-/regexp-clone-0.0.1.tgz",
        "sliced": "https://registry.npmjs.org/sliced/-/sliced-0.0.5.tgz"
      },
      "dependencies": {
        "debug": {
          "version": "https://registry.npmjs.org/debug/-/debug-2.6.9.tgz",
          "integrity": "sha1-XRKFFd8TT/Mn6QpMk/Tgd6U2NB8=",
          "requires": {
            "ms": "https://registry.npmjs.org/ms/-/ms-2.0.0.tgz"
          }
        },
        "sliced": {
          "version": "https://registry.npmjs.org/sliced/-/sliced-0.0.5.tgz",
          "integrity": "sha1-XtwETKTrb3gW1Qui/GPiXY/kcH8="
        }
      }
    },
    "ms": {
      "version": "https://registry.npmjs.org/ms/-/ms-2.0.0.tgz",
      "integrity": "sha1-VgiurfwAvmwpAd9fmGF4jeDVl8g="
    },
    "negotiator": {
      "version": "https://registry.npmjs.org/negotiator/-/negotiator-0.6.1.tgz",
      "integrity": "sha1-KzJxhOiZIQEXeyhWP7XnECrNDKk="
    },
    "on-finished": {
      "version": "https://registry.npmjs.org/on-finished/-/on-finished-2.3.0.tgz",
      "integrity": "sha1-IPEzZIGwg811M3mSoWlxqi2QaUc=",
      "requires": {
        "ee-first": "https://registry.npmjs.org/ee-first/-/ee-first-1.1.1.tgz"
      }
    },
    "only": {
      "version": "https://registry.npm.taobao.org/only/download/only-0.0.2.tgz",
      "integrity": "sha1-Kv3oTQPlC5qO3EROMGEKcCle37Q="
    },
    "os-homedir": {
      "version": "https://registry.npmjs.org/os-homedir/-/os-homedir-1.0.2.tgz",
      "integrity": "sha1-/7xJiDNuDoM94MFox+8VISGqf7M="
    },
    "parseurl": {
      "version": "https://registry.npmjs.org/parseurl/-/parseurl-1.3.2.tgz",
      "integrity": "sha1-/CidTtiZMRlGDBViUyYs3I3mW/M="
    },
    "path-to-regexp": {
      "version": "https://registry.npmjs.org/path-to-regexp/-/path-to-regexp-1.7.0.tgz",
      "integrity": "sha1-Wf3g9DW62suhA6hOnTvGTpa5k30=",
      "requires": {
        "isarray": "https://registry.npmjs.org/isarray/-/isarray-0.0.1.tgz"
      }
    },
    "qs": {
      "version": "6.5.1",
      "resolved": "http://registry.npm.taobao.org/qs/download/qs-6.5.1.tgz",
      "integrity": "sha1-NJzfbu+J7EXBLX1es/wMhwNDptg="
    },
    "raw-body": {
      "version": "2.3.2",
      "resolved": "http://registry.npm.taobao.org/raw-body/download/raw-body-2.3.2.tgz",
      "integrity": "sha1-vNYMd9Prk83gBQKVw/N5OJvIj4k=",
      "requires": {
        "bytes": "3.0.0",
        "http-errors": "https://registry.npmjs.org/http-errors/-/http-errors-1.6.2.tgz",
        "iconv-lite": "0.4.19",
        "unpipe": "1.0.0"
      }
    },
    "regexp-clone": {
      "version": "https://registry.npmjs.org/regexp-clone/-/regexp-clone-0.0.1.tgz",
      "integrity": "sha1-p8LgmJH9vzj7sQ03b7cwA+aKxYk="
    },
    "require_optional": {
      "version": "https://registry.npmjs.org/require_optional/-/require_optional-1.0.1.tgz",
      "integrity": "sha1-TPNaQkf2TKPfjC7yCMxJSxyo/C4=",
      "requires": {
        "resolve-from": "https://registry.npmjs.org/resolve-from/-/resolve-from-2.0.0.tgz",
        "semver": "https://registry.npm.taobao.org/semver/download/semver-5.5.0.tgz"
      }
    },
    "resolve-from": {
      "version": "https://registry.npmjs.org/resolve-from/-/resolve-from-2.0.0.tgz",
      "integrity": "sha1-lICrIOlP+h2egKgEx+oUdhGWa1c="
    },
    "semver": {
      "version": "https://registry.npm.taobao.org/semver/download/semver-5.5.0.tgz",
      "integrity": "sha1-3Eu8emyp2Rbe5dQ1FvAJK1j3uKs="
    },
    "setprototypeof": {
      "version": "https://registry.npmjs.org/setprototypeof/-/setprototypeof-1.0.3.tgz",
      "integrity": "sha1-ZlZ+NwQ+608E2RvWWMDL77VbjgQ="
    },
    "sliced": {
      "version": "https://registry.npmjs.org/sliced/-/sliced-1.0.1.tgz",
      "integrity": "sha1-CzpmK10Ewxd7GSa+qCsD+Dei70E="
    },
    "statuses": {
      "version": "https://registry.npm.taobao.org/statuses/download/statuses-1.4.0.tgz",
      "integrity": "sha1-u3PURtonlhBu/MG2AaJT1sRr0Ic="
    },
    "type-is": {
      "version": "https://registry.npm.taobao.org/type-is/download/type-is-1.6.16.tgz",
      "integrity": "sha1-+JzjQVQcZysl7nrjxz3uOyvlAZQ=",
      "requires": {
        "media-typer": "https://registry.npmjs.org/media-typer/-/media-typer-0.3.0.tgz",
        "mime-types": "https://registry.npm.taobao.org/mime-types/download/mime-types-2.1.18.tgz"
      }
    },
    "unpipe": {
      "version": "1.0.0",
      "resolved": "http://registry.npm.taobao.org/unpipe/download/unpipe-1.0.0.tgz",
      "integrity": "sha1-sr9O6FFKrmFltIF4KdIbLvSZBOw="
    },
    "urijs": {
      "version": "https://registry.npm.taobao.org/urijs/download/urijs-1.19.1.tgz",
      "integrity": "sha1-Ww/1MMDL3oOG9jQiNbpcpumV0lo="
    },
    "vary": {
      "version": "https://registry.npmjs.org/vary/-/vary-1.1.2.tgz",
      "integrity": "sha1-IpnwLG3tMNSllhsLn3RSShj2NPw="
    }
  }
}
