{
  "name": "sketch-viewer",
  "version": "0.1.0",
  "lockfileVersion": 1,
  "requires": true,
  "dependencies": {
    "accepts": {
      "version": "https://registry.npmjs.org/accepts/-/accepts-1.3.5.tgz",
      "integrity": "sha1-63d99gEXI6OxTopywIBcjoZ0a9I=",
      "requires": {
        "mime-types": "https://registry.npm.taobao.org/mime-types/download/mime-types-2.1.18.tgz",
        "negotiator": "https://registry.npmjs.org/negotiator/-/negotiator-0.6.1.tgz"
      }
    },
    "any-promise": {
      "version": "https://registry.npmjs.org/any-promise/-/any-promise-1.3.0.tgz",
      "integrity": "sha1-q8av7tzqUugJzcA3au0845Y10X8="
    },
    "async": {
      "version": "https://registry.npmjs.org/async/-/async-2.1.4.tgz",
      "integrity": "sha1-LSFgx3iAMuTdbL4lAvH5osj2zeQ=",
      "requires": {
        "lodash": "https://registry.npm.taobao.org/lodash/download/lodash-4.17.5.tgz"
      }
    },
    "balanced-match": {
      "version": "1.0.0",
      "resolved": "http://registry.npm.taobao.org/balanced-match/download/balanced-match-1.0.0.tgz",
      "integrity": "sha1-ibTRmasr7kneFk6gK4nORi1xt2c="
    },
    "big-integer": {
      "version": "1.6.26",
      "resolved": "http://registry.npm.taobao.org/big-integer/download/big-integer-1.6.26.tgz",
      "integrity": "sha1-OvFnL6Ytry1eyvrPblqg0l4Cwcg="
    },
    "binary": {
      "version": "0.3.0",
      "resolved": "http://registry.npm.taobao.org/binary/download/binary-0.3.0.tgz",
      "integrity": "sha1-n2BVO8XOjDOG87VTz/R0Yq3sqnk=",
      "requires": {
        "buffers": "0.1.1",
        "chainsaw": "0.1.0"
      }
    },
    "bluebird": {
      "version": "https://registry.npmjs.org/bluebird/-/bluebird-3.5.0.tgz",
      "integrity": "sha1-eRQg1/VR7qKJdFOop3ZT+WYG1nw="
    },
    "brace-expansion": {
      "version": "1.1.11",
      "resolved": "http://registry.npm.taobao.org/brace-expansion/download/brace-expansion-1.1.11.tgz",
      "integrity": "sha1-PH/L9SnYcibz0vUrlm/1Jx60Qd0=",
      "requires": {
        "balanced-match": "1.0.0",
        "concat-map": "0.0.1"
      }
    },
    "bson": {
      "version": "https://registry.npm.taobao.org/bson/download/bson-1.0.6.tgz",
      "integrity": "sha1-RE21nd1MJPDLBjqr3FyMewzsqRI="
    },
    "buffer-indexof-polyfill": {
      "version": "1.0.1",
      "resolved": "http://registry.npm.taobao.org/buffer-indexof-polyfill/download/buffer-indexof-polyfill-1.0.1.tgz",
      "integrity": "sha1-qfuAbOgUXVQoUQznLyeLs2OmOL8="
    },
    "buffer-shims": {
      "version": "1.0.0",
      "resolved": "http://registry.npm.taobao.org/buffer-shims/download/buffer-shims-1.0.0.tgz",
      "integrity": "sha1-mXjOMXOIxkmth5MCjDR37wRKi1E="
    },
    "buffers": {
      "version": "0.1.1",
      "resolved": "http://registry.npm.taobao.org/buffers/download/buffers-0.1.1.tgz",
      "integrity": "sha1-skV5w77U1tOWru5tmorn9Ugqt7s="
    },
    "bytes": {
      "version": "3.0.0",
      "resolved": "http://registry.npm.taobao.org/bytes/download/bytes-3.0.0.tgz",
      "integrity": "sha1-0ygVQE1olpn4Wk6k+odV3ROpYEg="
    },
    "chainsaw": {
      "version": "0.1.0",
      "resolved": "http://registry.npm.taobao.org/chainsaw/download/chainsaw-0.1.0.tgz",
      "integrity": "sha1-XqtQsor+WAdNDVgpE4iCi15fvJg=",
      "requires": {
        "traverse": "0.3.9"
      }
    },
    "co": {
      "version": "https://registry.npmjs.org/co/-/co-4.6.0.tgz",
      "integrity": "sha1-bqa989hTrlTMuOR7+gvz+QMfsYQ="
    },
    "co-body": {
      "version": "5.1.1",
      "resolved": "http://registry.npm.taobao.org/co-body/download/co-body-5.1.1.tgz",
      "integrity": "sha1-2XeB0eM0S6SoIP0YBr3fg0FQUjY=",
      "requires": {
        "inflation": "2.0.0",
        "qs": "6.5.1",
        "raw-body": "2.3.2",
        "type-is": "https://registry.npm.taobao.org/type-is/download/type-is-1.6.16.tgz"
      }
    },
    "compressible": {
      "version": "2.0.13",
      "resolved": "http://registry.npm.taobao.org/compressible/download/compressible-2.0.13.tgz",
      "integrity": "sha1-DRAgq5JLL9tNYnmHXH1tq6a6p6k=",
      "requires": {
        "mime-db": "https://registry.npm.taobao.org/mime-db/download/mime-db-1.33.0.tgz"
      }
    },
    "concat-map": {
      "version": "0.0.1",
      "resolved": "http://registry.npm.taobao.org/concat-map/download/concat-map-0.0.1.tgz",
      "integrity": "sha1-2Klr13/Wjfd5OnMDajug1UBdR3s="
    },
    "config": {
      "version": "https://registry.npm.taobao.org/config/download/config-1.30.0.tgz",
      "integrity": "sha1-HWCp81NIoTwXV5jThOgaWhbDum4=",
      "requires": {
        "json5": "https://registry.npmjs.org/json5/-/json5-0.4.0.tgz",
        "os-homedir": "https://registry.npmjs.org/os-homedir/-/os-homedir-1.0.2.tgz"
      }
    },
    "content-disposition": {
      "version": "https://registry.npmjs.org/content-disposition/-/content-disposition-0.5.2.tgz",
      "integrity": "sha1-DPaLud318r55YcOoUXjLhdunjLQ="
    },
    "content-type": {
      "version": "https://registry.npmjs.org/content-type/-/content-type-1.0.4.tgz",
      "integrity": "sha1-4TjMdeBAxyexlm/l5fjJruJW/js="
    },
    "cookies": {
      "version": "https://registry.npmjs.org/cookies/-/cookies-0.7.1.tgz",
      "integrity": "sha1-fIphX1SBxhq58WyDNzG8uPZjuZs=",
      "requires": {
        "depd": "https://registry.npm.taobao.org/depd/download/depd-1.1.2.tgz",
        "keygrip": "https://registry.npmjs.org/keygrip/-/keygrip-1.0.2.tgz"
      }
    },
    "core-util-is": {
      "version": "1.0.2",
      "resolved": "http://registry.npm.taobao.org/core-util-is/download/core-util-is-1.0.2.tgz",
      "integrity": "sha1-tf1UIgqivFq1eqtxQMlAdUUDwac="
    },
    "debug": {
      "version": "https://registry.npm.taobao.org/debug/download/debug-3.1.0.tgz",
      "integrity": "sha1-W7WgZyYotkFJVmuhaBnmFRjGcmE=",
      "requires": {
        "ms": "https://registry.npmjs.org/ms/-/ms-2.0.0.tgz"
      }
    },
    "deep-equal": {
      "version": "https://registry.npmjs.org/deep-equal/-/deep-equal-1.0.1.tgz",
      "integrity": "sha1-9dJgKStmDghO/0zbyfCK0yR0SLU="
    },
    "delegates": {
      "version": "https://registry.npmjs.org/delegates/-/delegates-1.0.0.tgz",
      "integrity": "sha1-hMbhWbgZBP3KWaDvRM2HDTElD5o="
    },
    "depd": {
      "version": "https://registry.npm.taobao.org/depd/download/depd-1.1.2.tgz",
      "integrity": "sha1-m81S4UwJd2PnSbJ0xDRu0uVgtak="
    },
    "destroy": {
      "version": "https://registry.npmjs.org/destroy/-/destroy-1.0.4.tgz",
      "integrity": "sha1-l4hXRCxEdJ5CBmE+N5RiBYJqvYA="
    },
    "duplexer2": {
      "version": "0.1.4",
      "resolved": "http://registry.npm.taobao.org/duplexer2/download/duplexer2-0.1.4.tgz",
      "integrity": "sha1-ixLauHjA1p4+eJEFFmKjL8a93ME=",
      "requires": {
        "readable-stream": "2.1.5"
      }
    },
    "ee-first": {
      "version": "https://registry.npmjs.org/ee-first/-/ee-first-1.1.1.tgz",
      "integrity": "sha1-WQxhFWsK4vTwJVcyoViyZrxWsh0="
    },
    "error-inject": {
      "version": "https://registry.npm.taobao.org/error-inject/download/error-inject-1.0.0.tgz",
      "integrity": "sha1-4rPZG1Su1nLzCdlQ0VSFD6EdTzc="
    },
    "escape-html": {
      "version": "https://registry.npmjs.org/escape-html/-/escape-html-1.0.3.tgz",
      "integrity": "sha1-Aljq5NPQwJdN4cFpGI7wBR0dGYg="
    },
    "formidable": {
      "version": "1.2.0",
      "resolved": "http://registry.npm.taobao.org/formidable/download/formidable-1.2.0.tgz",
      "integrity": "sha1-zikb/sZ8F24oL4keziw33gyDroQ="
    },
    "fresh": {
      "version": "https://registry.npmjs.org/fresh/-/fresh-0.5.2.tgz",
      "integrity": "sha1-PYyt2Q2XZWn6g1qx+OSyOhBWBac="
    },
    "fs-readdir-recursive": {
      "version": "1.1.0",
      "resolved": "http://registry.npm.taobao.org/fs-readdir-recursive/download/fs-readdir-recursive-1.1.0.tgz",
      "integrity": "sha1-4y/AMKLM7kSmtTcTCNpUvgs5fSc="
    },
    "fs.realpath": {
      "version": "1.0.0",
      "resolved": "http://registry.npm.taobao.org/fs.realpath/download/fs.realpath-1.0.0.tgz",
      "integrity": "sha1-FQStJSMVjKpA20onh8sBQRmU6k8="
    },
    "fstream": {
      "version": "1.0.11",
      "resolved": "http://registry.npm.taobao.org/fstream/download/fstream-1.0.11.tgz",
      "integrity": "sha1-XB+x8RdHcRTwYyoOtLcbPLD9MXE=",
      "requires": {
        "graceful-fs": "4.1.11",
        "inherits": "https://registry.npmjs.org/inherits/-/inherits-2.0.3.tgz",
        "mkdirp": "0.5.1",
        "rimraf": "2.6.2"
      }
    },
    "glob": {
      "version": "7.1.2",
      "resolved": "http://registry.npm.taobao.org/glob/download/glob-7.1.2.tgz",
      "integrity": "sha1-wZyd+aAocC1nhhI4SmVSQExjbRU=",
      "requires": {
        "fs.realpath": "1.0.0",
        "inflight": "1.0.6",
        "inherits": "https://registry.npmjs.org/inherits/-/inherits-2.0.3.tgz",
        "minimatch": "3.0.4",
        "once": "1.4.0",
        "path-is-absolute": "1.0.1"
      }
    },
    "graceful-fs": {
      "version": "4.1.11",
      "resolved": "http://registry.npm.taobao.org/graceful-fs/download/graceful-fs-4.1.11.tgz",
      "integrity": "sha1-Dovf5NHduIVNZOBOp8AOKgJuVlg="
    },
    "http-assert": {
      "version": "https://registry.npm.taobao.org/http-assert/download/http-assert-1.3.0.tgz",
      "integrity": "sha1-oxpc+IyHPsu1eWkH1NbxMujAHko=",
      "requires": {
        "deep-equal": "https://registry.npmjs.org/deep-equal/-/deep-equal-1.0.1.tgz",
        "http-errors": "https://registry.npmjs.org/http-errors/-/http-errors-1.6.2.tgz"
      }
    },
    "http-errors": {
      "version": "https://registry.npmjs.org/http-errors/-/http-errors-1.6.2.tgz",
      "integrity": "sha1-CgAsyFcHGSp+eUbO7cERVfYOxzY=",
      "requires": {
        "depd": "https://registry.npmjs.org/depd/-/depd-1.1.1.tgz",
        "inherits": "https://registry.npmjs.org/inherits/-/inherits-2.0.3.tgz",
        "setprototypeof": "https://registry.npmjs.org/setprototypeof/-/setprototypeof-1.0.3.tgz",
        "statuses": "https://registry.npm.taobao.org/statuses/download/statuses-1.4.0.tgz"
      },
      "dependencies": {
        "depd": {
          "version": "https://registry.npmjs.org/depd/-/depd-1.1.1.tgz",
          "integrity": "sha1-V4O04cRZ8G+lyif5kfPQbnoxA1k="
        }
      }
    },
    "iconv-lite": {
      "version": "0.4.19",
      "resolved": "http://registry.npm.taobao.org/iconv-lite/download/iconv-lite-0.4.19.tgz",
      "integrity": "sha1-90aPYBNfXl2tM5nAqBvpoWA6CCs="
    },
    "inflation": {
      "version": "2.0.0",
      "resolved": "http://registry.npm.taobao.org/inflation/download/inflation-2.0.0.tgz",
      "integrity": "sha1-i0F+R8KPklpFEz2RTKH9OJEH8w8="
    },
    "inflight": {
      "version": "1.0.6",
      "resolved": "http://registry.npm.taobao.org/inflight/download/inflight-1.0.6.tgz",
      "integrity": "sha1-Sb1jMdfQLQwJvJEKEHW6gWW1bfk=",
      "requires": {
        "once": "1.4.0",
        "wrappy": "1.0.2"
      }
    },
    "inherits": {
      "version": "https://registry.npmjs.org/inherits/-/inherits-2.0.3.tgz",
      "integrity": "sha1-Yzwsg+PaQqUC9SRmAiSA9CCCYd4="
    },
    "is-generator-function": {
      "version": "http://r.cnpmjs.org/is-generator-function/download/is-generator-function-1.0.7.tgz",
      "integrity": "sha1-0hMuUpuwAAp/gHlNS99c1eWBNSI="
    },
    "isarray": {
      "version": "https://registry.npmjs.org/isarray/-/isarray-0.0.1.tgz",
      "integrity": "sha1-ihis/Kmo9Bd+Cav8YDiTmwXR7t8="
    },
    "json5": {
      "version": "https://registry.npmjs.org/json5/-/json5-0.4.0.tgz",
      "integrity": "sha1-BUNS5MTIDIbAkjh31EneF2pzLI0="
    },
    "kareem": {
      "version": "https://registry.npm.taobao.org/kareem/download/kareem-2.0.5.tgz",
      "integrity": "sha1-Q34eQPG+ME7iGz5HkOs6BUGLNco="
    },
    "keygrip": {
      "version": "https://registry.npmjs.org/keygrip/-/keygrip-1.0.2.tgz",
      "integrity": "sha1-rTKXxVcGneqLz+ek+kkbdcXd65E="
    },
    "koa": {
      "version": "https://registry.npm.taobao.org/koa/download/koa-2.5.0.tgz",
      "integrity": "sha1-sPvh4ZXkOydYigT9C+DdrsosFUw=",
      "requires": {
        "accepts": "https://registry.npmjs.org/accepts/-/accepts-1.3.5.tgz",
        "content-disposition": "https://registry.npmjs.org/content-disposition/-/content-disposition-0.5.2.tgz",
        "content-type": "https://registry.npmjs.org/content-type/-/content-type-1.0.4.tgz",
        "cookies": "https://registry.npmjs.org/cookies/-/cookies-0.7.1.tgz",
        "debug": "https://registry.npm.taobao.org/debug/download/debug-3.1.0.tgz",
        "delegates": "https://registry.npmjs.org/delegates/-/delegates-1.0.0.tgz",
        "depd": "https://registry.npm.taobao.org/depd/download/depd-1.1.2.tgz",
        "destroy": "https://registry.npmjs.org/destroy/-/destroy-1.0.4.tgz",
        "error-inject": "https://registry.npm.taobao.org/error-inject/download/error-inject-1.0.0.tgz",
        "escape-html": "https://registry.npmjs.org/escape-html/-/escape-html-1.0.3.tgz",
        "fresh": "https://registry.npmjs.org/fresh/-/fresh-0.5.2.tgz",
        "http-assert": "https://registry.npm.taobao.org/http-assert/download/http-assert-1.3.0.tgz",
        "http-errors": "https://registry.npmjs.org/http-errors/-/http-errors-1.6.2.tgz",
        "is-generator-function": "http://r.cnpmjs.org/is-generator-function/download/is-generator-function-1.0.7.tgz",
        "koa-compose": "https://registry.npm.taobao.org/koa-compose/download/koa-compose-4.0.0.tgz",
        "koa-convert": "https://registry.npm.taobao.org/koa-convert/download/koa-convert-1.2.0.tgz",
        "koa-is-json": "https://registry.npm.taobao.org/koa-is-json/download/koa-is-json-1.0.0.tgz",
        "mime-types": "https://registry.npm.taobao.org/mime-types/download/mime-types-2.1.18.tgz",
        "on-finished": "https://registry.npmjs.org/on-finished/-/on-finished-2.3.0.tgz",
        "only": "https://registry.npm.taobao.org/only/download/only-0.0.2.tgz",
        "parseurl": "https://registry.npmjs.org/parseurl/-/parseurl-1.3.2.tgz",
        "statuses": "https://registry.npm.taobao.org/statuses/download/statuses-1.4.0.tgz",
        "type-is": "https://registry.npm.taobao.org/type-is/download/type-is-1.6.16.tgz",
        "vary": "https://registry.npmjs.org/vary/-/vary-1.1.2.tgz"
      }
    },
    "koa-body": {
      "version": "2.5.0",
      "resolved": "http://registry.npm.taobao.org/koa-body/download/koa-body-2.5.0.tgz",
      "integrity": "sha1-hOj82NUimozBy5ipJuk5Bp5xaRU=",
      "requires": {
        "co-body": "5.1.1",
        "formidable": "1.2.0"
      }
    },
    "koa-compose": {
      "version": "https://registry.npm.taobao.org/koa-compose/download/koa-compose-4.0.0.tgz",
      "integrity": "sha1-KAClE9nDYe8NY4UrA45Pby1adzw="
    },
    "koa-convert": {
      "version": "https://registry.npm.taobao.org/koa-convert/download/koa-convert-1.2.0.tgz",
      "integrity": "sha1-2kCHXfSd4FOQmNFwC1CCDOvNIdA=",
      "requires": {
        "co": "https://registry.npmjs.org/co/-/co-4.6.0.tgz",
        "koa-compose": "https://registry.npm.taobao.org/koa-compose/download/koa-compose-3.2.1.tgz"
      },
      "dependencies": {
        "koa-compose": {
          "version": "https://registry.npm.taobao.org/koa-compose/download/koa-compose-3.2.1.tgz",
          "integrity": "sha1-qFzLQLfZhtjlo0Wzoazo6rz1Tec=",
          "requires": {
            "any-promise": "https://registry.npmjs.org/any-promise/-/any-promise-1.3.0.tgz"
          }
        }
      }
    },
    "koa-is-json": {
      "version": "https://registry.npm.taobao.org/koa-is-json/download/koa-is-json-1.0.0.tgz",
      "integrity": "sha1-JzwH7c3Ljfaiwat9We52SRRR7BQ="
    },
    "koa-router": {
      "version": "https://registry.npm.taobao.org/koa-router/download/koa-router-7.4.0.tgz",
      "integrity": "sha1-ruH3rcAtXLMdfWdGXJ6syCXoxeA=",
      "requires": {
        "debug": "https://registry.npm.taobao.org/debug/download/debug-3.1.0.tgz",
        "http-errors": "https://registry.npmjs.org/http-errors/-/http-errors-1.6.2.tgz",
        "koa-compose": "https://registry.npm.taobao.org/koa-compose/download/koa-compose-3.2.1.tgz",
        "methods": "https://registry.npmjs.org/methods/-/methods-1.1.2.tgz",
        "path-to-regexp": "https://registry.npmjs.org/path-to-regexp/-/path-to-regexp-1.7.0.tgz",
        "urijs": "https://registry.npm.taobao.org/urijs/download/urijs-1.19.1.tgz"
      },
      "dependencies": {
        "koa-compose": {
          "version": "https://registry.npm.taobao.org/koa-compose/download/koa-compose-3.2.1.tgz",
          "integrity": "sha1-qFzLQLfZhtjlo0Wzoazo6rz1Tec=",
          "requires": {
            "any-promise": "https://registry.npmjs.org/any-promise/-/any-promise-1.3.0.tgz"
          }
        }
      }
    },
    "koa-send": {
      "version": "4.1.3",
      "resolved": "http://registry.npm.taobao.org/koa-send/download/koa-send-4.1.3.tgz",
      "integrity": "sha1-CCIge79SU6QUyPF2Xrwp+kE1PLY=",
      "requires": {
        "debug": "2.6.9",
        "http-errors": "https://registry.npmjs.org/http-errors/-/http-errors-1.6.2.tgz",
        "mz": "2.7.0",
        "resolve-path": "1.4.0"
      },
      "dependencies": {
        "debug": {
          "version": "2.6.9",
          "resolved": "http://registry.npm.taobao.org/debug/download/debug-2.6.9.tgz",
          "integrity": "sha1-XRKFFd8TT/Mn6QpMk/Tgd6U2NB8=",
          "requires": {
            "ms": "https://registry.npmjs.org/ms/-/ms-2.0.0.tgz"
          }
        }
      }
    },
    "koa-static": {
      "version": "4.0.2",
      "resolved": "http://registry.npm.taobao.org/koa-static/download/koa-static-4.0.2.tgz",
      "integrity": "sha1-bNqS2I13Hcqtnw2CXNlKYxyGGho=",
      "requires": {
        "debug": "2.6.9",
        "koa-send": "4.1.3"
      },
      "dependencies": {
        "debug": {
          "version": "2.6.9",
          "resolved": "http://registry.npm.taobao.org/debug/download/debug-2.6.9.tgz",
          "integrity": "sha1-XRKFFd8TT/Mn6QpMk/Tgd6U2NB8=",
          "requires": {
            "ms": "https://registry.npmjs.org/ms/-/ms-2.0.0.tgz"
          }
        }
      }
    },
    "koa-static-cache": {
      "version": "5.1.2",
      "resolved": "http://registry.npm.taobao.org/koa-static-cache/download/koa-static-cache-5.1.2.tgz",
      "integrity": "sha1-SbWSAHFXsWT16d9bJ24wXIvlAWo=",
      "requires": {
        "compressible": "2.0.13",
        "debug": "https://registry.npm.taobao.org/debug/download/debug-3.1.0.tgz",
        "fs-readdir-recursive": "1.1.0",
        "mime-types": "https://registry.npm.taobao.org/mime-types/download/mime-types-2.1.18.tgz",
        "mz": "2.7.0"
      }
    },
    "listenercount": {
      "version": "1.0.1",
      "resolved": "http://registry.npm.taobao.org/listenercount/download/listenercount-1.0.1.tgz",
      "integrity": "sha1-hMinKrWcRyUyFIDJdeZQg0LnCTc="
    },
    "lodash": {
      "version": "https://registry.npm.taobao.org/lodash/download/lodash-4.17.5.tgz",
      "integrity": "sha1-maktZcAnLevoyWtgV7yPv6O+1RE="
    },
    "lodash.get": {
      "version": "https://registry.npmjs.org/lodash.get/-/lodash.get-4.4.2.tgz",
      "integrity": "sha1-LRd/ZS+jHpObRDjVNBSZ36OCXpk="
    },
    "media-typer": {
      "version": "https://registry.npmjs.org/media-typer/-/media-typer-0.3.0.tgz",
      "integrity": "sha1-hxDXrwqmJvj/+hzgAWhUUmMlV0g="
    },
    "methods": {
      "version": "https://registry.npmjs.org/methods/-/methods-1.1.2.tgz",
      "integrity": "sha1-VSmk1nZUE07cxSZmVoNbD4Ua/O4="
    },
    "mime-db": {
      "version": "https://registry.npm.taobao.org/mime-db/download/mime-db-1.33.0.tgz",
      "integrity": "sha1-o0kgUKXLm2NFBUHjnZeI0icng9s="
    },
    "mime-types": {
      "version": "https://registry.npm.taobao.org/mime-types/download/mime-types-2.1.18.tgz",
      "integrity": "sha1-bzI/YKg9ERRvgx/xH9ZuL+VQO7g=",
      "requires": {
        "mime-db": "https://registry.npm.taobao.org/mime-db/download/mime-db-1.33.0.tgz"
      }
    },
    "minimatch": {
      "version": "3.0.4",
      "resolved": "http://registry.npm.taobao.org/minimatch/download/minimatch-3.0.4.tgz",
      "integrity": "sha1-UWbihkV/AzBgZL5Ul+jbsMPTIIM=",
      "requires": {
        "brace-expansion": "1.1.11"
      }
    },
    "minimist": {
      "version": "0.0.8",
      "resolved": "http://registry.npm.taobao.org/minimist/download/minimist-0.0.8.tgz",
      "integrity": "sha1-hX/Kv8M5fSYluCKCYuhqp6ARsF0="
    },
    "mkdirp": {
      "version": "0.5.1",
      "resolved": "http://registry.npm.taobao.org/mkdirp/download/mkdirp-0.5.1.tgz",
      "integrity": "sha1-MAV0OOrGz3+MR2fzhkjWaX11yQM=",
      "requires": {
        "minimist": "0.0.8"
      }
    },
    "mongodb": {
      "version": "https://registry.npm.taobao.org/mongodb/download/mongodb-3.0.4.tgz",
      "integrity": "sha1-7gwPe8Vl7cX0DuLSMXDlIqitIoY=",
      "requires": {
        "mongodb-core": "https://registry.npm.taobao.org/mongodb-core/download/mongodb-core-3.0.4.tgz"
      }
    },
    "mongodb-core": {
      "version": "https://registry.npm.taobao.org/mongodb-core/download/mongodb-core-3.0.4.tgz",
      "integrity": "sha1-o/30ZuaXovHfh+RY5eLfHCbMZUs=",
      "requires": {
        "bson": "https://registry.npm.taobao.org/bson/download/bson-1.0.6.tgz",
        "require_optional": "https://registry.npmjs.org/require_optional/-/require_optional-1.0.1.tgz"
      }
    },
    "mongoose": {
      "version": "https://registry.npm.taobao.org/mongoose/download/mongoose-5.0.10.tgz",
      "integrity": "sha1-WUW0rME3scas9UbWTaEHC8TEllo=",
      "requires": {
        "async": "https://registry.npmjs.org/async/-/async-2.1.4.tgz",
        "bson": "https://registry.npm.taobao.org/bson/download/bson-1.0.6.tgz",
        "kareem": "https://registry.npm.taobao.org/kareem/download/kareem-2.0.5.tgz",
        "lodash.get": "https://registry.npmjs.org/lodash.get/-/lodash.get-4.4.2.tgz",
        "mongodb": "https://registry.npm.taobao.org/mongodb/download/mongodb-3.0.4.tgz",
        "mongoose-legacy-pluralize": "https://registry.npm.taobao.org/mongoose-legacy-pluralize/download/mongoose-legacy-pluralize-1.0.2.tgz",
        "mpath": "https://registry.npm.taobao.org/mpath/download/mpath-0.3.0.tgz",
        "mquery": "https://registry.npm.taobao.org/mquery/download/mquery-3.0.0.tgz",
        "ms": "https://registry.npmjs.org/ms/-/ms-2.0.0.tgz",
        "regexp-clone": "https://registry.npmjs.org/regexp-clone/-/regexp-clone-0.0.1.tgz",
        "sliced": "https://registry.npmjs.org/sliced/-/sliced-1.0.1.tgz"
      }
    },
    "mongoose-legacy-pluralize": {
      "version": "https://registry.npm.taobao.org/mongoose-legacy-pluralize/download/mongoose-legacy-pluralize-1.0.2.tgz",
      "integrity": "sha1-O6n5H6UHtRhtOZ+0CFS/8Y+1Y+Q="
    },
    "mpath": {
      "version": "https://registry.npm.taobao.org/mpath/download/mpath-0.3.0.tgz",
      "integrity": "sha1-elj3iem1/TyUUgY0FXlg8mvV70Q="
    },
    "mquery": {
      "version": "https://registry.npm.taobao.org/mquery/download/mquery-3.0.0.tgz",
      "integrity": "sha1-5fOH26vAubaYWeVQ6BD6q+DOq7A=",
      "requires": {
        "bluebird": "https://registry.npmjs.org/bluebird/-/bluebird-3.5.0.tgz",
        "debug": "https://registry.npmjs.org/debug/-/debug-2.6.9.tgz",
        "regexp-clone": "https://registry.npmjs.org/regexp-clone/-/regexp-clone-0.0.1.tgz",
        "sliced": "https://registry.npmjs.org/sliced/-/sliced-0.0.5.tgz"
      },
      "dependencies": {
        "debug": {
          "version": "https://registry.npmjs.org/debug/-/debug-2.6.9.tgz",
          "integrity": "sha1-XRKFFd8TT/Mn6QpMk/Tgd6U2NB8=",
          "requires": {
            "ms": "https://registry.npmjs.org/ms/-/ms-2.0.0.tgz"
          }
        },
        "sliced": {
          "version": "https://registry.npmjs.org/sliced/-/sliced-0.0.5.tgz",
          "integrity": "sha1-XtwETKTrb3gW1Qui/GPiXY/kcH8="
        }
      }
    },
    "ms": {
      "version": "https://registry.npmjs.org/ms/-/ms-2.0.0.tgz",
      "integrity": "sha1-VgiurfwAvmwpAd9fmGF4jeDVl8g="
    },
    "mz": {
      "version": "2.7.0",
      "resolved": "http://registry.npm.taobao.org/mz/download/mz-2.7.0.tgz",
      "integrity": "sha1-lQCAV6Vsr63CvGPd5/n/aVWUjjI=",
      "requires": {
        "any-promise": "https://registry.npmjs.org/any-promise/-/any-promise-1.3.0.tgz",
        "object-assign": "4.1.1",
        "thenify-all": "1.6.0"
      }
    },
    "negotiator": {
      "version": "https://registry.npmjs.org/negotiator/-/negotiator-0.6.1.tgz",
      "integrity": "sha1-KzJxhOiZIQEXeyhWP7XnECrNDKk="
    },
    "object-assign": {
      "version": "4.1.1",
      "resolved": "http://registry.npm.taobao.org/object-assign/download/object-assign-4.1.1.tgz",
      "integrity": "sha1-IQmtx5ZYh8/AXLvUQsrIv7s2CGM="
    },
    "on-finished": {
      "version": "https://registry.npmjs.org/on-finished/-/on-finished-2.3.0.tgz",
      "integrity": "sha1-IPEzZIGwg811M3mSoWlxqi2QaUc=",
      "requires": {
        "ee-first": "https://registry.npmjs.org/ee-first/-/ee-first-1.1.1.tgz"
      }
    },
    "once": {
      "version": "1.4.0",
      "resolved": "http://registry.npm.taobao.org/once/download/once-1.4.0.tgz",
      "integrity": "sha1-WDsap3WWHUsROsF9nFC6753Xa9E=",
      "requires": {
        "wrappy": "1.0.2"
      }
    },
    "only": {
      "version": "https://registry.npm.taobao.org/only/download/only-0.0.2.tgz",
      "integrity": "sha1-Kv3oTQPlC5qO3EROMGEKcCle37Q="
    },
    "os-homedir": {
      "version": "https://registry.npmjs.org/os-homedir/-/os-homedir-1.0.2.tgz",
      "integrity": "sha1-/7xJiDNuDoM94MFox+8VISGqf7M="
    },
    "parseurl": {
      "version": "https://registry.npmjs.org/parseurl/-/parseurl-1.3.2.tgz",
      "integrity": "sha1-/CidTtiZMRlGDBViUyYs3I3mW/M="
    },
    "path-is-absolute": {
      "version": "1.0.1",
      "resolved": "http://registry.npm.taobao.org/path-is-absolute/download/path-is-absolute-1.0.1.tgz",
      "integrity": "sha1-F0uSaHNVNP+8es5r9TpanhtcX18="
    },
    "path-to-regexp": {
      "version": "https://registry.npmjs.org/path-to-regexp/-/path-to-regexp-1.7.0.tgz",
      "integrity": "sha1-Wf3g9DW62suhA6hOnTvGTpa5k30=",
      "requires": {
        "isarray": "https://registry.npmjs.org/isarray/-/isarray-0.0.1.tgz"
      }
    },
    "process-nextick-args": {
      "version": "1.0.7",
      "resolved": "http://registry.npm.taobao.org/process-nextick-args/download/process-nextick-args-1.0.7.tgz",
      "integrity": "sha1-FQ4gt1ZZCtP5EJPyWk8q2L/zC6M="
    },
    "qs": {
      "version": "6.5.1",
      "resolved": "http://registry.npm.taobao.org/qs/download/qs-6.5.1.tgz",
      "integrity": "sha1-NJzfbu+J7EXBLX1es/wMhwNDptg="
    },
    "raw-body": {
      "version": "2.3.2",
      "resolved": "http://registry.npm.taobao.org/raw-body/download/raw-body-2.3.2.tgz",
      "integrity": "sha1-vNYMd9Prk83gBQKVw/N5OJvIj4k=",
      "requires": {
        "bytes": "3.0.0",
        "http-errors": "https://registry.npmjs.org/http-errors/-/http-errors-1.6.2.tgz",
        "iconv-lite": "0.4.19",
        "unpipe": "1.0.0"
      }
    },
    "readable-stream": {
      "version": "2.1.5",
      "resolved": "http://registry.npm.taobao.org/readable-stream/download/readable-stream-2.1.5.tgz",
      "integrity": "sha1-ZvqLcg4UOLNkaB8q0aY8YYRIydA=",
      "requires": {
        "buffer-shims": "1.0.0",
        "core-util-is": "1.0.2",
        "inherits": "https://registry.npmjs.org/inherits/-/inherits-2.0.3.tgz",
        "isarray": "1.0.0",
        "process-nextick-args": "1.0.7",
        "string_decoder": "0.10.31",
        "util-deprecate": "1.0.2"
      },
      "dependencies": {
        "isarray": {
          "version": "1.0.0",
          "resolved": "http://registry.npm.taobao.org/isarray/download/isarray-1.0.0.tgz",
          "integrity": "sha1-u5NdSFgsuhaMBoNJV6VKPgcSTxE="
        }
      }
    },
    "regexp-clone": {
      "version": "https://registry.npmjs.org/regexp-clone/-/regexp-clone-0.0.1.tgz",
      "integrity": "sha1-p8LgmJH9vzj7sQ03b7cwA+aKxYk="
    },
    "require_optional": {
      "version": "https://registry.npmjs.org/require_optional/-/require_optional-1.0.1.tgz",
      "integrity": "sha1-TPNaQkf2TKPfjC7yCMxJSxyo/C4=",
      "requires": {
        "resolve-from": "https://registry.npmjs.org/resolve-from/-/resolve-from-2.0.0.tgz",
        "semver": "https://registry.npm.taobao.org/semver/download/semver-5.5.0.tgz"
      }
    },
    "resolve-from": {
      "version": "https://registry.npmjs.org/resolve-from/-/resolve-from-2.0.0.tgz",
      "integrity": "sha1-lICrIOlP+h2egKgEx+oUdhGWa1c="
    },
    "resolve-path": {
      "version": "1.4.0",
      "resolved": "http://registry.npm.taobao.org/resolve-path/download/resolve-path-1.4.0.tgz",
      "integrity": "sha1-xL2p9e+y/OZSR4c6s2u02DT+Fvc=",
      "requires": {
        "http-errors": "https://registry.npmjs.org/http-errors/-/http-errors-1.6.2.tgz",
        "path-is-absolute": "1.0.1"
      }
    },
    "rimraf": {
      "version": "2.6.2",
      "resolved": "http://registry.npm.taobao.org/rimraf/download/rimraf-2.6.2.tgz",
      "integrity": "sha1-LtgVDSShbqhlHm1u8PR8QVjOejY=",
      "requires": {
        "glob": "7.1.2"
      }
    },
    "semver": {
      "version": "https://registry.npm.taobao.org/semver/download/semver-5.5.0.tgz",
      "integrity": "sha1-3Eu8emyp2Rbe5dQ1FvAJK1j3uKs="
    },
    "setimmediate": {
      "version": "1.0.5",
      "resolved": "http://registry.npm.taobao.org/setimmediate/download/setimmediate-1.0.5.tgz",
      "integrity": "sha1-KQy7Iy4waULX1+qbg3Mqt4VvgoU="
    },
    "setprototypeof": {
      "version": "https://registry.npmjs.org/setprototypeof/-/setprototypeof-1.0.3.tgz",
      "integrity": "sha1-ZlZ+NwQ+608E2RvWWMDL77VbjgQ="
    },
    "sliced": {
      "version": "https://registry.npmjs.org/sliced/-/sliced-1.0.1.tgz",
      "integrity": "sha1-CzpmK10Ewxd7GSa+qCsD+Dei70E="
    },
    "statuses": {
      "version": "https://registry.npm.taobao.org/statuses/download/statuses-1.4.0.tgz",
      "integrity": "sha1-u3PURtonlhBu/MG2AaJT1sRr0Ic="
    },
    "string_decoder": {
      "version": "0.10.31",
      "resolved": "http://registry.npm.taobao.org/string_decoder/download/string_decoder-0.10.31.tgz",
      "integrity": "sha1-YuIDvEF2bGwoyfyEMB2rHFMQ+pQ="
    },
    "thenify": {
      "version": "3.3.0",
      "resolved": "http://registry.npm.taobao.org/thenify/download/thenify-3.3.0.tgz",
      "integrity": "sha1-5p44obq+lpsBCCB5eLn2K4hgSDk=",
      "requires": {
        "any-promise": "https://registry.npmjs.org/any-promise/-/any-promise-1.3.0.tgz"
      }
    },
    "thenify-all": {
      "version": "1.6.0",
      "resolved": "http://registry.npm.taobao.org/thenify-all/download/thenify-all-1.6.0.tgz",
      "integrity": "sha1-GhkY1ALY/D+Y+/I02wvMjMEOlyY=",
      "requires": {
        "thenify": "3.3.0"
      }
    },
    "traverse": {
      "version": "0.3.9",
      "resolved": "http://registry.npm.taobao.org/traverse/download/traverse-0.3.9.tgz",
      "integrity": "sha1-cXuPIgzAu3tE5AUUwisui7xw2Lk="
    },
    "type-is": {
      "version": "https://registry.npm.taobao.org/type-is/download/type-is-1.6.16.tgz",
      "integrity": "sha1-+JzjQVQcZysl7nrjxz3uOyvlAZQ=",
      "requires": {
        "media-typer": "https://registry.npmjs.org/media-typer/-/media-typer-0.3.0.tgz",
        "mime-types": "https://registry.npm.taobao.org/mime-types/download/mime-types-2.1.18.tgz"
      }
    },
    "unpipe": {
      "version": "1.0.0",
      "resolved": "http://registry.npm.taobao.org/unpipe/download/unpipe-1.0.0.tgz",
      "integrity": "sha1-sr9O6FFKrmFltIF4KdIbLvSZBOw="
    },
    "unzipper": {
      "version": "0.8.11",
      "resolved": "http://registry.npm.taobao.org/unzipper/download/unzipper-0.8.11.tgz",
      "integrity": "sha1-iUOD3GtL2rlE5Eb2ZagtQNFn+9Q=",
      "requires": {
        "big-integer": "1.6.26",
        "binary": "0.3.0",
        "bluebird": "3.4.7",
        "buffer-indexof-polyfill": "1.0.1",
        "duplexer2": "0.1.4",
        "fstream": "1.0.11",
        "listenercount": "1.0.1",
        "readable-stream": "2.1.5",
        "setimmediate": "1.0.5"
      },
      "dependencies": {
        "bluebird": {
          "version": "3.4.7",
          "resolved": "http://registry.npm.taobao.org/bluebird/download/bluebird-3.4.7.tgz",
          "integrity": "sha1-9y12C+Cbf3bQjtj66Ysomo0F+rM="
        }
      }
    },
    "urijs": {
      "version": "https://registry.npm.taobao.org/urijs/download/urijs-1.19.1.tgz",
      "integrity": "sha1-Ww/1MMDL3oOG9jQiNbpcpumV0lo="
    },
    "util-deprecate": {
      "version": "1.0.2",
      "resolved": "http://registry.npm.taobao.org/util-deprecate/download/util-deprecate-1.0.2.tgz",
      "integrity": "sha1-RQ1Nyfpw3nMnYvvS1KKJgUGaDM8="
    },
    "vary": {
      "version": "https://registry.npmjs.org/vary/-/vary-1.1.2.tgz",
      "integrity": "sha1-IpnwLG3tMNSllhsLn3RSShj2NPw="
    },
    "wrappy": {
      "version": "1.0.2",
      "resolved": "http://registry.npm.taobao.org/wrappy/download/wrappy-1.0.2.tgz",
      "integrity": "sha1-tSQ9jz7BqjXxNkYFvA0QNuMKtp8="
    }
  }
}
